{
  "version": 4,
  "terraform_version": "1.0.1",
  "serial": 35,
  "lineage": "4454b67c-6565-b8af-20d2-c59fe55c22e5",
  "outputs": {
    "kubeone_api": {
      "value": {
        "endpoint": "kkp-demo-api-lb-1198546431.eu-west-3.elb.amazonaws.com"
      },
      "type": [
        "object",
        {
          "endpoint": "string"
        }
      ]
    },
    "kubeone_hosts": {
      "value": {
        "control_plane": {
          "bastion": "15.237.72.244",
          "bastion_port": 22,
          "bastion_user": "ubuntu",
          "cloud_provider": "aws",
          "cluster_name": "kkp-demo",
          "hostnames": [
            "ec2-52-47-117-88.eu-west-3.compute.amazonaws.com",
            "ec2-35-180-228-213.eu-west-3.compute.amazonaws.com",
            "ec2-35-180-178-142.eu-west-3.compute.amazonaws.com"
          ],
          "private_address": [
            "172.31.78.203",
            "172.31.79.69",
            "172.31.80.63"
          ],
          "ssh_agent_socket": "env:SSH_AUTH_SOCK",
          "ssh_port": 22,
          "ssh_private_key_file": "",
          "ssh_user": "ubuntu"
        }
      },
      "type": [
        "object",
        {
          "control_plane": [
            "object",
            {
              "bastion": "string",
              "bastion_port": "number",
              "bastion_user": "string",
              "cloud_provider": "string",
              "cluster_name": "string",
              "hostnames": [
                "tuple",
                [
                  "string",
                  "string",
                  "string"
                ]
              ],
              "private_address": [
                "tuple",
                [
                  "string",
                  "string",
                  "string"
                ]
              ],
              "ssh_agent_socket": "string",
              "ssh_port": "number",
              "ssh_private_key_file": "string",
              "ssh_user": "string"
            }
          ]
        }
      ]
    },
    "kubeone_static_workers": {
      "value": {
        "workers1": {
          "bastion": "15.237.72.244",
          "bastion_port": 22,
          "bastion_user": "ubuntu",
          "hostnames": [],
          "private_address": [],
          "ssh_agent_socket": "env:SSH_AUTH_SOCK",
          "ssh_port": 22,
          "ssh_private_key_file": "",
          "ssh_user": "ubuntu"
        }
      },
      "type": [
        "object",
        {
          "workers1": [
            "object",
            {
              "bastion": "string",
              "bastion_port": "number",
              "bastion_user": "string",
              "hostnames": [
                "tuple",
                []
              ],
              "private_address": [
                "tuple",
                []
              ],
              "ssh_agent_socket": "string",
              "ssh_port": "number",
              "ssh_private_key_file": "string",
              "ssh_user": "string"
            }
          ]
        }
      ]
    },
    "kubeone_workers": {
      "value": {
        "kkp-demo-eu-west-3a": {
          "providerSpec": {
            "cloudProviderSpec": {
              "ami": "ami-03569f6d482517724",
              "assignPublicIP": true,
              "availabilityZone": "eu-west-3a",
              "diskIops": 500,
              "diskSize": 50,
              "diskType": "gp2",
              "ebsVolumeEncrypted": false,
              "instanceProfile": "kkp-demo-host",
              "instanceType": "t3.medium",
              "isSpotInstance": false,
              "region": "eu-west-3",
              "securityGroupIDs": [
                "sg-018c2398ab8e477a1"
              ],
              "subnetId": "subnet-0a8fb4d09d01c11cb",
              "tags": {
                "kkp-demo-workers": ""
              },
              "vpcId": "vpc-3b01f653"
            },
            "labels": {
              "isSpotInstance": "false"
            },
            "operatingSystem": "ubuntu",
            "operatingSystemSpec": {
              "distUpgradeOnBoot": false
            },
            "sshPublicKeys": [
              "ssh-rsa AAAAB3NzaC1yc2EAAAADAQABAAABAQC8cBnFNZmp/uiz9x2bIcpKXHkdCWb+2/ZviRTR/YezwIYfnIJ9C2z5MTGmNxlxXphuJO7aCJ104hZjDEs29bTy3duasvyDf+jUVWXbN/I3m1IgmvelgPL0R5P50dXHcrwJYDRpimpl+EpWTSd/EwX4hBT4WzaKCNVrkTohklkkLvsp3BG0g6c1aXnqYyeDM4pkbdgZkvrMiQOjqQk/oVQs76wqB1vmJVFmZiNThXCpSyQpCnswpJ6U25UK0XLdA6BVEizbwQABTO9qEUk56RJFPd95vmOi4prvdSmKvSSik8qoLaGwXJROHu/SQK7Ka+52XawF+GhM2u+WLfzr55p9 aws4terraform"
            ]
          },
          "replicas": 1
        },
        "kkp-demo-eu-west-3b": {
          "providerSpec": {
            "cloudProviderSpec": {
              "ami": "ami-03569f6d482517724",
              "assignPublicIP": true,
              "availabilityZone": "eu-west-3b",
              "diskIops": 500,
              "diskSize": 50,
              "diskType": "gp2",
              "ebsVolumeEncrypted": false,
              "instanceProfile": "kkp-demo-host",
              "instanceType": "t3.medium",
              "isSpotInstance": false,
              "region": "eu-west-3",
              "securityGroupIDs": [
                "sg-018c2398ab8e477a1"
              ],
              "subnetId": "subnet-0dd86e5cd3ebd6c9f",
              "tags": {
                "kkp-demo-workers": ""
              },
              "vpcId": "vpc-3b01f653"
            },
            "labels": {
              "isSpotInstance": "false"
            },
            "operatingSystem": "ubuntu",
            "operatingSystemSpec": {
              "distUpgradeOnBoot": false
            },
            "sshPublicKeys": [
              "ssh-rsa AAAAB3NzaC1yc2EAAAADAQABAAABAQC8cBnFNZmp/uiz9x2bIcpKXHkdCWb+2/ZviRTR/YezwIYfnIJ9C2z5MTGmNxlxXphuJO7aCJ104hZjDEs29bTy3duasvyDf+jUVWXbN/I3m1IgmvelgPL0R5P50dXHcrwJYDRpimpl+EpWTSd/EwX4hBT4WzaKCNVrkTohklkkLvsp3BG0g6c1aXnqYyeDM4pkbdgZkvrMiQOjqQk/oVQs76wqB1vmJVFmZiNThXCpSyQpCnswpJ6U25UK0XLdA6BVEizbwQABTO9qEUk56RJFPd95vmOi4prvdSmKvSSik8qoLaGwXJROHu/SQK7Ka+52XawF+GhM2u+WLfzr55p9 aws4terraform"
            ]
          },
          "replicas": 1
        },
        "kkp-demo-eu-west-3c": {
          "providerSpec": {
            "cloudProviderSpec": {
              "ami": "ami-03569f6d482517724",
              "assignPublicIP": true,
              "availabilityZone": "eu-west-3c",
              "diskIops": 500,
              "diskSize": 50,
              "diskType": "gp2",
              "ebsVolumeEncrypted": false,
              "instanceProfile": "kkp-demo-host",
              "instanceType": "t3.medium",
              "isSpotInstance": false,
              "region": "eu-west-3",
              "securityGroupIDs": [
                "sg-018c2398ab8e477a1"
              ],
              "subnetId": "subnet-0408936d9155217f7",
              "tags": {
                "kkp-demo-workers": ""
              },
              "vpcId": "vpc-3b01f653"
            },
            "labels": {
              "isSpotInstance": "false"
            },
            "operatingSystem": "ubuntu",
            "operatingSystemSpec": {
              "distUpgradeOnBoot": false
            },
            "sshPublicKeys": [
              "ssh-rsa AAAAB3NzaC1yc2EAAAADAQABAAABAQC8cBnFNZmp/uiz9x2bIcpKXHkdCWb+2/ZviRTR/YezwIYfnIJ9C2z5MTGmNxlxXphuJO7aCJ104hZjDEs29bTy3duasvyDf+jUVWXbN/I3m1IgmvelgPL0R5P50dXHcrwJYDRpimpl+EpWTSd/EwX4hBT4WzaKCNVrkTohklkkLvsp3BG0g6c1aXnqYyeDM4pkbdgZkvrMiQOjqQk/oVQs76wqB1vmJVFmZiNThXCpSyQpCnswpJ6U25UK0XLdA6BVEizbwQABTO9qEUk56RJFPd95vmOi4prvdSmKvSSik8qoLaGwXJROHu/SQK7Ka+52XawF+GhM2u+WLfzr55p9 aws4terraform"
            ]
          },
          "replicas": 1
        }
      },
      "type": [
        "object",
        {
          "kkp-demo-eu-west-3a": [
            "object",
            {
              "providerSpec": [
                "object",
                {
                  "cloudProviderSpec": [
                    "object",
                    {
                      "ami": "string",
                      "assignPublicIP": "bool",
                      "availabilityZone": "string",
                      "diskIops": "number",
                      "diskSize": "number",
                      "diskType": "string",
                      "ebsVolumeEncrypted": "bool",
                      "instanceProfile": "string",
                      "instanceType": "string",
                      "isSpotInstance": "bool",
                      "region": "string",
                      "securityGroupIDs": [
                        "tuple",
                        [
                          "string"
                        ]
                      ],
                      "subnetId": "string",
                      "tags": [
                        "object",
                        {
                          "kkp-demo-workers": "string"
                        }
                      ],
                      "vpcId": "string"
                    }
                  ],
                  "labels": [
                    "object",
                    {
                      "isSpotInstance": "string"
                    }
                  ],
                  "operatingSystem": "string",
                  "operatingSystemSpec": [
                    "object",
                    {
                      "distUpgradeOnBoot": "bool"
                    }
                  ],
                  "sshPublicKeys": [
                    "list",
                    "string"
                  ]
                }
              ],
              "replicas": "number"
            }
          ],
          "kkp-demo-eu-west-3b": [
            "object",
            {
              "providerSpec": [
                "object",
                {
                  "cloudProviderSpec": [
                    "object",
                    {
                      "ami": "string",
                      "assignPublicIP": "bool",
                      "availabilityZone": "string",
                      "diskIops": "number",
                      "diskSize": "number",
                      "diskType": "string",
                      "ebsVolumeEncrypted": "bool",
                      "instanceProfile": "string",
                      "instanceType": "string",
                      "isSpotInstance": "bool",
                      "region": "string",
                      "securityGroupIDs": [
                        "tuple",
                        [
                          "string"
                        ]
                      ],
                      "subnetId": "string",
                      "tags": [
                        "object",
                        {
                          "kkp-demo-workers": "string"
                        }
                      ],
                      "vpcId": "string"
                    }
                  ],
                  "labels": [
                    "object",
                    {
                      "isSpotInstance": "string"
                    }
                  ],
                  "operatingSystem": "string",
                  "operatingSystemSpec": [
                    "object",
                    {
                      "distUpgradeOnBoot": "bool"
                    }
                  ],
                  "sshPublicKeys": [
                    "list",
                    "string"
                  ]
                }
              ],
              "replicas": "number"
            }
          ],
          "kkp-demo-eu-west-3c": [
            "object",
            {
              "providerSpec": [
                "object",
                {
                  "cloudProviderSpec": [
                    "object",
                    {
                      "ami": "string",
                      "assignPublicIP": "bool",
                      "availabilityZone": "string",
                      "diskIops": "number",
                      "diskSize": "number",
                      "diskType": "string",
                      "ebsVolumeEncrypted": "bool",
                      "instanceProfile": "string",
                      "instanceType": "string",
                      "isSpotInstance": "bool",
                      "region": "string",
                      "securityGroupIDs": [
                        "tuple",
                        [
                          "string"
                        ]
                      ],
                      "subnetId": "string",
                      "tags": [
                        "object",
                        {
                          "kkp-demo-workers": "string"
                        }
                      ],
                      "vpcId": "string"
                    }
                  ],
                  "labels": [
                    "object",
                    {
                      "isSpotInstance": "string"
                    }
                  ],
                  "operatingSystem": "string",
                  "operatingSystemSpec": [
                    "object",
                    {
                      "distUpgradeOnBoot": "bool"
                    }
                  ],
                  "sshPublicKeys": [
                    "list",
                    "string"
                  ]
                }
              ],
              "replicas": "number"
            }
          ]
        }
      ]
    },
    "ssh_commands": {
      "value": [
        "ssh -J ubuntu@15.237.72.244 ubuntu@172.31.78.203",
        "ssh -J ubuntu@15.237.72.244 ubuntu@172.31.79.69",
        "ssh -J ubuntu@15.237.72.244 ubuntu@172.31.80.63"
      ],
      "type": [
        "list",
        "string"
      ]
    }
  },
  "resources": [
    {
      "mode": "data",
      "type": "aws_ami",
      "name": "ami",
      "provider": "provider[\"registry.terraform.io/hashicorp/aws\"]",
      "instances": [
        {
          "schema_version": 0,
          "attributes": {
            "architecture": "x86_64",
            "arn": "arn:aws:ec2:eu-west-3::image/ami-03569f6d482517724",
            "block_device_mappings": [
              {
                "device_name": "/dev/sda1",
                "ebs": {
                  "delete_on_termination": "true",
                  "encrypted": "false",
                  "iops": "0",
                  "snapshot_id": "snap-05239d11a4401fd95",
                  "throughput": "0",
                  "volume_size": "8",
                  "volume_type": "gp2"
                },
                "no_device": "",
                "virtual_name": ""
              },
              {
                "device_name": "/dev/sdb",
                "ebs": {},
                "no_device": "",
                "virtual_name": "ephemeral0"
              },
              {
                "device_name": "/dev/sdc",
                "ebs": {},
                "no_device": "",
                "virtual_name": "ephemeral1"
              }
            ],
            "creation_date": "2021-06-22T20:54:35.000Z",
            "description": "Canonical, Ubuntu, 20.04 LTS, amd64 focal image build on 2021-06-21",
            "ena_support": true,
            "executable_users": null,
            "filter": [
              {
                "name": "name",
                "values": [
                  "ubuntu/images/hvm-ssd/ubuntu-focal-20.04-amd64-server-*"
                ]
              },
              {
                "name": "virtualization-type",
                "values": [
                  "hvm"
                ]
              }
            ],
            "hypervisor": "xen",
            "id": "ami-03569f6d482517724",
            "image_id": "ami-03569f6d482517724",
            "image_location": "099720109477/ubuntu/images/hvm-ssd/ubuntu-focal-20.04-amd64-server-20210621",
            "image_owner_alias": null,
            "image_type": "machine",
            "kernel_id": null,
            "most_recent": true,
            "name": "ubuntu/images/hvm-ssd/ubuntu-focal-20.04-amd64-server-20210621",
            "name_regex": null,
            "owner_id": "099720109477",
            "owners": [
              "099720109477"
            ],
            "platform": null,
            "platform_details": "Linux/UNIX",
            "product_codes": [],
            "public": true,
            "ramdisk_id": null,
            "root_device_name": "/dev/sda1",
            "root_device_type": "ebs",
            "root_snapshot_id": "snap-05239d11a4401fd95",
            "sriov_net_support": "simple",
            "state": "available",
            "state_reason": {
              "code": "UNSET",
              "message": "UNSET"
            },
            "tags": {},
            "usage_operation": "RunInstances",
            "virtualization_type": "hvm"
          },
          "sensitive_attributes": []
        }
      ]
    },
    {
      "mode": "data",
      "type": "aws_availability_zones",
      "name": "available",
      "provider": "provider[\"registry.terraform.io/hashicorp/aws\"]",
      "instances": [
        {
          "schema_version": 0,
          "attributes": {
            "all_availability_zones": null,
            "exclude_names": null,
            "exclude_zone_ids": null,
            "filter": null,
            "group_names": [
              "eu-west-3"
            ],
            "id": "eu-west-3",
            "names": [
              "eu-west-3a",
              "eu-west-3b",
              "eu-west-3c"
            ],
            "state": "available",
            "zone_ids": [
              "euw3-az1",
              "euw3-az2",
              "euw3-az3"
            ]
          },
          "sensitive_attributes": []
        }
      ]
    },
    {
      "mode": "data",
      "type": "aws_internet_gateway",
      "name": "default",
      "provider": "provider[\"registry.terraform.io/hashicorp/aws\"]",
      "instances": [
        {
          "schema_version": 0,
          "attributes": {
            "arn": "arn:aws:ec2:eu-west-3:190032868844:internet-gateway/igw-208ca649",
            "attachments": [
              {
                "state": "available",
                "vpc_id": "vpc-3b01f653"
              }
            ],
            "filter": [
              {
                "name": "attachment.vpc-id",
                "values": [
                  "vpc-3b01f653"
                ]
              }
            ],
            "id": "igw-208ca649",
            "internet_gateway_id": "igw-208ca649",
            "owner_id": "190032868844",
            "tags": {}
          },
          "sensitive_attributes": []
        }
      ]
    },
    {
      "mode": "data",
      "type": "aws_vpc",
      "name": "selected",
      "provider": "provider[\"registry.terraform.io/hashicorp/aws\"]",
      "instances": [
        {
          "schema_version": 0,
          "attributes": {
            "arn": "arn:aws:ec2:eu-west-3:190032868844:vpc/vpc-3b01f653",
            "cidr_block": "172.31.0.0/16",
            "cidr_block_associations": [
              {
                "association_id": "vpc-cidr-assoc-1c77ae74",
                "cidr_block": "172.31.0.0/16",
                "state": "associated"
              }
            ],
            "default": true,
            "dhcp_options_id": "dopt-f3639f9b",
            "enable_dns_hostnames": true,
            "enable_dns_support": true,
            "filter": null,
            "id": "vpc-3b01f653",
            "instance_tenancy": "default",
            "ipv6_association_id": null,
            "ipv6_cidr_block": null,
            "main_route_table_id": "rtb-3bef2853",
            "owner_id": "190032868844",
            "state": "available",
            "tags": {}
          },
          "sensitive_attributes": []
        }
      ]
    },
    {
      "mode": "managed",
      "type": "aws_default_vpc",
      "name": "default",
      "provider": "provider[\"registry.terraform.io/hashicorp/aws\"]",
      "instances": [
        {
          "schema_version": 1,
          "attributes": {
            "arn": "arn:aws:ec2:eu-west-3:190032868844:vpc/vpc-3b01f653",
            "assign_generated_ipv6_cidr_block": false,
            "cidr_block": "172.31.0.0/16",
            "default_network_acl_id": "acl-fee61e96",
            "default_route_table_id": "rtb-3bef2853",
            "default_security_group_id": "sg-07452965",
            "dhcp_options_id": "dopt-f3639f9b",
            "enable_classiclink": null,
            "enable_classiclink_dns_support": null,
            "enable_dns_hostnames": true,
            "enable_dns_support": true,
            "id": "vpc-3b01f653",
            "instance_tenancy": "default",
            "ipv6_association_id": "",
            "ipv6_cidr_block": "",
            "main_route_table_id": "rtb-3bef2853",
            "owner_id": "190032868844",
            "tags": {},
            "tags_all": {}
          },
          "sensitive_attributes": [],
          "private": "eyJzY2hlbWFfdmVyc2lvbiI6IjEifQ=="
        }
      ]
    },
    {
      "mode": "managed",
      "type": "aws_elb",
      "name": "control_plane",
      "provider": "provider[\"registry.terraform.io/hashicorp/aws\"]",
      "instances": [
        {
          "schema_version": 0,
          "attributes": {
            "access_logs": [],
            "arn": "arn:aws:elasticloadbalancing:eu-west-3:190032868844:loadbalancer/kkp-demo-api-lb",
            "availability_zones": [
              "eu-west-3a",
              "eu-west-3b",
              "eu-west-3c"
            ],
            "connection_draining": false,
            "connection_draining_timeout": 300,
            "cross_zone_load_balancing": true,
            "dns_name": "kkp-demo-api-lb-1198546431.eu-west-3.elb.amazonaws.com",
            "health_check": [
              {
                "healthy_threshold": 2,
                "interval": 30,
                "target": "HTTPS:6443/healthz",
                "timeout": 3,
                "unhealthy_threshold": 2
              }
            ],
            "id": "kkp-demo-api-lb",
            "idle_timeout": 600,
            "instances": [
              "i-03f63573f112ad1aa",
              "i-0424d50318ae015a3",
              "i-0af92635e79f81723"
            ],
            "internal": false,
            "listener": [
              {
                "instance_port": 6443,
                "instance_protocol": "tcp",
                "lb_port": 6443,
                "lb_protocol": "tcp",
                "ssl_certificate_id": ""
              }
            ],
            "name": "kkp-demo-api-lb",
            "name_prefix": null,
            "security_groups": [
              "sg-018c2398ab8e477a1",
              "sg-0223766c92dfe920c"
            ],
            "source_security_group": "190032868844/kkp-demo-common",
            "source_security_group_id": "sg-018c2398ab8e477a1",
            "subnets": [
              "subnet-0408936d9155217f7",
              "subnet-0a8fb4d09d01c11cb",
              "subnet-0dd86e5cd3ebd6c9f"
            ],
            "tags": {
              "Cluster": "kkp-demo",
              "kubernetes.io/cluster/kkp-demo": "shared"
            },
            "tags_all": {
              "Cluster": "kkp-demo",
              "kubernetes.io/cluster/kkp-demo": "shared"
            },
            "zone_id": "Z3Q77PNBQS71R4"
          },
          "sensitive_attributes": [],
          "private": "bnVsbA==",
          "dependencies": [
            "aws_iam_instance_profile.profile",
            "aws_instance.control_plane",
            "aws_key_pair.deployer",
            "aws_security_group.common",
            "aws_security_group.elb",
            "aws_subnet.public",
            "data.aws_ami.ami",
            "data.aws_availability_zones.available"
          ]
        }
      ]
    },
    {
      "mode": "managed",
      "type": "aws_iam_instance_profile",
      "name": "profile",
      "provider": "provider[\"registry.terraform.io/hashicorp/aws\"]",
      "instances": [
        {
          "schema_version": 0,
          "attributes": {
            "arn": "arn:aws:iam::190032868844:instance-profile/kkp-demo-host",
            "create_date": "2021-07-02T12:41:34Z",
            "id": "kkp-demo-host",
            "name": "kkp-demo-host",
            "name_prefix": null,
            "path": "/",
            "role": "kkp-demo-host",
            "tags": {},
            "tags_all": {},
            "unique_id": "AIPASYPWXOXWKSHESB4DL"
          },
          "sensitive_attributes": [],
          "private": "bnVsbA==",
          "dependencies": [
            "aws_iam_role.role"
          ]
        }
      ]
    },
    {
      "mode": "managed",
      "type": "aws_iam_role",
      "name": "role",
      "provider": "provider[\"registry.terraform.io/hashicorp/aws\"]",
      "instances": [
        {
          "schema_version": 0,
          "attributes": {
            "arn": "arn:aws:iam::190032868844:role/kkp-demo-host",
            "assume_role_policy": "{\"Version\":\"2012-10-17\",\"Statement\":[{\"Effect\":\"Allow\",\"Principal\":{\"Service\":\"ec2.amazonaws.com\"},\"Action\":\"sts:AssumeRole\"}]}",
            "create_date": "2021-07-02T12:41:32Z",
            "description": "",
            "force_detach_policies": false,
            "id": "kkp-demo-host",
            "inline_policy": [
              {
                "name": "kkp-demo-host",
                "policy": "{\"Statement\":[{\"Action\":[\"ec2:*\"],\"Effect\":\"Allow\",\"Resource\":[\"*\"]},{\"Action\":[\"elasticloadbalancing:*\"],\"Effect\":\"Allow\",\"Resource\":[\"*\"]}],\"Version\":\"2012-10-17\"}"
              }
            ],
            "managed_policy_arns": [],
            "max_session_duration": 3600,
            "name": "kkp-demo-host",
            "name_prefix": null,
            "path": "/",
            "permissions_boundary": null,
            "tags": {},
            "tags_all": {},
            "unique_id": "AROASYPWXOXWB3Y6R5L4Z"
          },
          "sensitive_attributes": [],
          "private": "bnVsbA=="
        }
      ]
    },
    {
      "mode": "managed",
      "type": "aws_iam_role_policy",
      "name": "policy",
      "provider": "provider[\"registry.terraform.io/hashicorp/aws\"]",
      "instances": [
        {
          "schema_version": 0,
          "attributes": {
            "id": "kkp-demo-host:kkp-demo-host",
            "name": "kkp-demo-host",
            "name_prefix": null,
            "policy": "{\"Statement\":[{\"Action\":[\"ec2:*\"],\"Effect\":\"Allow\",\"Resource\":[\"*\"]},{\"Action\":[\"elasticloadbalancing:*\"],\"Effect\":\"Allow\",\"Resource\":[\"*\"]}],\"Version\":\"2012-10-17\"}",
            "role": "kkp-demo-host"
          },
          "sensitive_attributes": [],
          "private": "bnVsbA==",
          "dependencies": [
            "aws_iam_role.role"
          ]
        }
      ]
    },
    {
      "mode": "managed",
      "type": "aws_instance",
      "name": "bastion",
      "provider": "provider[\"registry.terraform.io/hashicorp/aws\"]",
      "instances": [
        {
          "schema_version": 1,
          "attributes": {
            "ami": "ami-03569f6d482517724",
            "arn": "arn:aws:ec2:eu-west-3:190032868844:instance/i-09e2498e248f6f61b",
            "associate_public_ip_address": true,
            "availability_zone": "eu-west-3a",
            "capacity_reservation_specification": [
              {
                "capacity_reservation_preference": "open",
                "capacity_reservation_target": []
              }
            ],
            "cpu_core_count": 1,
            "cpu_threads_per_core": 2,
            "credit_specification": [
              {
                "cpu_credits": "unlimited"
              }
            ],
            "disable_api_termination": false,
            "ebs_block_device": [],
            "ebs_optimized": false,
            "enclave_options": [
              {
                "enabled": false
              }
            ],
            "ephemeral_block_device": [],
            "get_password_data": false,
            "hibernation": false,
            "host_id": null,
            "iam_instance_profile": "",
            "id": "i-09e2498e248f6f61b",
            "instance_initiated_shutdown_behavior": "stop",
            "instance_state": "running",
            "instance_type": "t3.nano",
            "ipv6_address_count": 0,
            "ipv6_addresses": [],
            "key_name": "kkp-demo-deployer-key",
            "metadata_options": [
              {
                "http_endpoint": "enabled",
                "http_put_response_hop_limit": 1,
                "http_tokens": "optional"
              }
            ],
            "monitoring": false,
            "network_interface": [],
            "outpost_arn": "",
            "password_data": "",
            "placement_group": "",
            "primary_network_interface_id": "eni-0132dcbf875739877",
            "private_dns": "ip-172-31-78-42.eu-west-3.compute.internal",
            "private_ip": "172.31.78.42",
            "public_dns": "ec2-15-237-72-244.eu-west-3.compute.amazonaws.com",
            "public_ip": "15.237.72.244",
            "root_block_device": [
              {
                "delete_on_termination": true,
                "device_name": "/dev/sda1",
                "encrypted": false,
                "iops": 300,
                "kms_key_id": "",
                "tags": null,
                "throughput": 0,
                "volume_id": "vol-0bda25130cb4ff31c",
                "volume_size": 100,
                "volume_type": "gp2"
              }
            ],
            "secondary_private_ips": [],
            "security_groups": [
              "kkp-demo-common",
              "kkp-demo-ssh"
            ],
            "source_dest_check": true,
            "subnet_id": "subnet-0a8fb4d09d01c11cb",
            "tags": {
              "Cluster": "kkp-demo",
              "Name": "kkp-demo-bastion",
              "kubernetes.io/cluster/kkp-demo": "shared"
            },
            "tags_all": {
              "Cluster": "kkp-demo",
              "Name": "kkp-demo-bastion",
              "kubernetes.io/cluster/kkp-demo": "shared"
            },
            "tenancy": "default",
            "timeouts": null,
            "user_data": null,
            "user_data_base64": null,
            "volume_tags": null,
            "vpc_security_group_ids": [
              "sg-018c2398ab8e477a1",
              "sg-0c40d678e1369e557"
            ]
          },
          "sensitive_attributes": [],
          "private": "eyJlMmJmYjczMC1lY2FhLTExZTYtOGY4OC0zNDM2M2JjN2M0YzAiOnsiY3JlYXRlIjo2MDAwMDAwMDAwMDAsImRlbGV0ZSI6MTIwMDAwMDAwMDAwMCwidXBkYXRlIjo2MDAwMDAwMDAwMDB9LCJzY2hlbWFfdmVyc2lvbiI6IjEifQ==",
          "dependencies": [
            "aws_key_pair.deployer",
            "aws_security_group.common",
            "aws_security_group.ssh",
            "aws_subnet.public",
            "data.aws_ami.ami",
            "data.aws_availability_zones.available"
          ]
        }
      ]
    },
    {
      "mode": "managed",
      "type": "aws_instance",
      "name": "control_plane",
      "provider": "provider[\"registry.terraform.io/hashicorp/aws\"]",
      "instances": [
        {
          "index_key": 0,
          "schema_version": 1,
          "attributes": {
            "ami": "ami-03569f6d482517724",
            "arn": "arn:aws:ec2:eu-west-3:190032868844:instance/i-03f63573f112ad1aa",
            "associate_public_ip_address": true,
            "availability_zone": "eu-west-3a",
            "capacity_reservation_specification": [
              {
                "capacity_reservation_preference": "open",
                "capacity_reservation_target": []
              }
            ],
            "cpu_core_count": 1,
            "cpu_threads_per_core": 2,
            "credit_specification": [
              {
                "cpu_credits": "unlimited"
              }
            ],
            "disable_api_termination": false,
            "ebs_block_device": [],
            "ebs_optimized": true,
            "enclave_options": [
              {
                "enabled": false
              }
            ],
            "ephemeral_block_device": [],
            "get_password_data": false,
            "hibernation": false,
            "host_id": null,
            "iam_instance_profile": "kkp-demo-host",
            "id": "i-03f63573f112ad1aa",
            "instance_initiated_shutdown_behavior": "stop",
            "instance_state": "running",
            "instance_type": "t3.medium",
            "ipv6_address_count": 0,
            "ipv6_addresses": [],
            "key_name": "kkp-demo-deployer-key",
            "metadata_options": [
              {
                "http_endpoint": "enabled",
                "http_put_response_hop_limit": 1,
                "http_tokens": "optional"
              }
            ],
            "monitoring": false,
            "network_interface": [],
            "outpost_arn": "",
            "password_data": "",
            "placement_group": "",
            "primary_network_interface_id": "eni-0f4812ea382be4e83",
            "private_dns": "ip-172-31-78-203.eu-west-3.compute.internal",
            "private_ip": "172.31.78.203",
            "public_dns": "ec2-52-47-117-88.eu-west-3.compute.amazonaws.com",
            "public_ip": "52.47.117.88",
            "root_block_device": [
              {
                "delete_on_termination": true,
                "device_name": "/dev/sda1",
                "encrypted": false,
                "iops": 300,
                "kms_key_id": "",
                "tags": null,
                "throughput": 0,
                "volume_id": "vol-051ffb7f002fee4fd",
                "volume_size": 100,
                "volume_type": "gp2"
              }
            ],
            "secondary_private_ips": [],
            "security_groups": [
              "kkp-demo-common"
            ],
            "source_dest_check": true,
            "subnet_id": "subnet-0a8fb4d09d01c11cb",
            "tags": {
              "Name": "kkp-demo-cp-1",
              "kubernetes.io/cluster/kkp-demo": "shared"
            },
            "tags_all": {
              "Name": "kkp-demo-cp-1",
              "kubernetes.io/cluster/kkp-demo": "shared"
            },
            "tenancy": "default",
            "timeouts": null,
            "user_data": null,
            "user_data_base64": null,
            "volume_tags": null,
            "vpc_security_group_ids": [
              "sg-018c2398ab8e477a1"
            ]
          },
          "sensitive_attributes": [],
          "private": "eyJlMmJmYjczMC1lY2FhLTExZTYtOGY4OC0zNDM2M2JjN2M0YzAiOnsiY3JlYXRlIjo2MDAwMDAwMDAwMDAsImRlbGV0ZSI6MTIwMDAwMDAwMDAwMCwidXBkYXRlIjo2MDAwMDAwMDAwMDB9LCJzY2hlbWFfdmVyc2lvbiI6IjEifQ==",
          "dependencies": [
            "aws_iam_instance_profile.profile",
            "aws_key_pair.deployer",
            "aws_security_group.common",
            "aws_subnet.public",
            "data.aws_ami.ami",
            "data.aws_availability_zones.available"
          ]
        },
        {
          "index_key": 1,
          "schema_version": 1,
          "attributes": {
            "ami": "ami-03569f6d482517724",
            "arn": "arn:aws:ec2:eu-west-3:190032868844:instance/i-0424d50318ae015a3",
            "associate_public_ip_address": true,
            "availability_zone": "eu-west-3b",
            "capacity_reservation_specification": [
              {
                "capacity_reservation_preference": "open",
                "capacity_reservation_target": []
              }
            ],
            "cpu_core_count": 1,
            "cpu_threads_per_core": 2,
            "credit_specification": [
              {
                "cpu_credits": "unlimited"
              }
            ],
            "disable_api_termination": false,
            "ebs_block_device": [],
            "ebs_optimized": true,
            "enclave_options": [
              {
                "enabled": false
              }
            ],
            "ephemeral_block_device": [],
            "get_password_data": false,
            "hibernation": false,
            "host_id": null,
            "iam_instance_profile": "kkp-demo-host",
            "id": "i-0424d50318ae015a3",
            "instance_initiated_shutdown_behavior": "stop",
            "instance_state": "running",
            "instance_type": "t3.medium",
            "ipv6_address_count": 0,
            "ipv6_addresses": [],
            "key_name": "kkp-demo-deployer-key",
            "metadata_options": [
              {
                "http_endpoint": "enabled",
                "http_put_response_hop_limit": 1,
                "http_tokens": "optional"
              }
            ],
            "monitoring": false,
            "network_interface": [],
            "outpost_arn": "",
            "password_data": "",
            "placement_group": "",
            "primary_network_interface_id": "eni-055d8e58cb63debdb",
            "private_dns": "ip-172-31-79-69.eu-west-3.compute.internal",
            "private_ip": "172.31.79.69",
            "public_dns": "ec2-35-180-228-213.eu-west-3.compute.amazonaws.com",
            "public_ip": "35.180.228.213",
            "root_block_device": [
              {
                "delete_on_termination": true,
                "device_name": "/dev/sda1",
                "encrypted": false,
                "iops": 300,
                "kms_key_id": "",
                "tags": null,
                "throughput": 0,
                "volume_id": "vol-04c7ee9743a2e4579",
                "volume_size": 100,
                "volume_type": "gp2"
              }
            ],
            "secondary_private_ips": [],
            "security_groups": [
              "kkp-demo-common"
            ],
            "source_dest_check": true,
            "subnet_id": "subnet-0dd86e5cd3ebd6c9f",
            "tags": {
              "Name": "kkp-demo-cp-2",
              "kubernetes.io/cluster/kkp-demo": "shared"
            },
            "tags_all": {
              "Name": "kkp-demo-cp-2",
              "kubernetes.io/cluster/kkp-demo": "shared"
            },
            "tenancy": "default",
            "timeouts": null,
            "user_data": null,
            "user_data_base64": null,
            "volume_tags": null,
            "vpc_security_group_ids": [
              "sg-018c2398ab8e477a1"
            ]
          },
          "sensitive_attributes": [],
          "private": "eyJlMmJmYjczMC1lY2FhLTExZTYtOGY4OC0zNDM2M2JjN2M0YzAiOnsiY3JlYXRlIjo2MDAwMDAwMDAwMDAsImRlbGV0ZSI6MTIwMDAwMDAwMDAwMCwidXBkYXRlIjo2MDAwMDAwMDAwMDB9LCJzY2hlbWFfdmVyc2lvbiI6IjEifQ==",
          "dependencies": [
            "aws_iam_instance_profile.profile",
            "aws_key_pair.deployer",
            "aws_security_group.common",
            "aws_subnet.public",
            "data.aws_ami.ami",
            "data.aws_availability_zones.available"
          ]
        },
        {
          "index_key": 2,
          "schema_version": 1,
          "attributes": {
            "ami": "ami-03569f6d482517724",
            "arn": "arn:aws:ec2:eu-west-3:190032868844:instance/i-0af92635e79f81723",
            "associate_public_ip_address": true,
            "availability_zone": "eu-west-3c",
            "capacity_reservation_specification": [
              {
                "capacity_reservation_preference": "open",
                "capacity_reservation_target": []
              }
            ],
            "cpu_core_count": 1,
            "cpu_threads_per_core": 2,
            "credit_specification": [
              {
                "cpu_credits": "unlimited"
              }
            ],
            "disable_api_termination": false,
            "ebs_block_device": [],
            "ebs_optimized": true,
            "enclave_options": [
              {
                "enabled": false
              }
            ],
            "ephemeral_block_device": [],
            "get_password_data": false,
            "hibernation": false,
            "host_id": null,
            "iam_instance_profile": "kkp-demo-host",
            "id": "i-0af92635e79f81723",
            "instance_initiated_shutdown_behavior": "stop",
            "instance_state": "running",
            "instance_type": "t3.medium",
            "ipv6_address_count": 0,
            "ipv6_addresses": [],
            "key_name": "kkp-demo-deployer-key",
            "metadata_options": [
              {
                "http_endpoint": "enabled",
                "http_put_response_hop_limit": 1,
                "http_tokens": "optional"
              }
            ],
            "monitoring": false,
            "network_interface": [],
            "outpost_arn": "",
            "password_data": "",
            "placement_group": "",
            "primary_network_interface_id": "eni-0e3958c59726d27d7",
            "private_dns": "ip-172-31-80-63.eu-west-3.compute.internal",
            "private_ip": "172.31.80.63",
            "public_dns": "ec2-35-180-178-142.eu-west-3.compute.amazonaws.com",
            "public_ip": "35.180.178.142",
            "root_block_device": [
              {
                "delete_on_termination": true,
                "device_name": "/dev/sda1",
                "encrypted": false,
                "iops": 300,
                "kms_key_id": "",
                "tags": null,
                "throughput": 0,
                "volume_id": "vol-05bbc0af0a56668a3",
                "volume_size": 100,
                "volume_type": "gp2"
              }
            ],
            "secondary_private_ips": [],
            "security_groups": [
              "kkp-demo-common"
            ],
            "source_dest_check": true,
            "subnet_id": "subnet-0408936d9155217f7",
            "tags": {
              "Name": "kkp-demo-cp-3",
              "kubernetes.io/cluster/kkp-demo": "shared"
            },
            "tags_all": {
              "Name": "kkp-demo-cp-3",
              "kubernetes.io/cluster/kkp-demo": "shared"
            },
            "tenancy": "default",
            "timeouts": null,
            "user_data": null,
            "user_data_base64": null,
            "volume_tags": null,
            "vpc_security_group_ids": [
              "sg-018c2398ab8e477a1"
            ]
          },
          "sensitive_attributes": [],
          "private": "eyJlMmJmYjczMC1lY2FhLTExZTYtOGY4OC0zNDM2M2JjN2M0YzAiOnsiY3JlYXRlIjo2MDAwMDAwMDAwMDAsImRlbGV0ZSI6MTIwMDAwMDAwMDAwMCwidXBkYXRlIjo2MDAwMDAwMDAwMDB9LCJzY2hlbWFfdmVyc2lvbiI6IjEifQ==",
          "dependencies": [
            "aws_iam_instance_profile.profile",
            "aws_key_pair.deployer",
            "aws_security_group.common",
            "aws_subnet.public",
            "data.aws_ami.ami",
            "data.aws_availability_zones.available"
          ]
        }
      ]
    },
    {
      "mode": "managed",
      "type": "aws_key_pair",
      "name": "deployer",
      "provider": "provider[\"registry.terraform.io/hashicorp/aws\"]",
      "instances": [
        {
          "schema_version": 1,
          "attributes": {
            "arn": "arn:aws:ec2:eu-west-3:190032868844:key-pair/kkp-demo-deployer-key",
            "fingerprint": "cd:28:fe:87:e9:64:6f:86:73:06:62:38:e7:1c:76:10",
            "id": "kkp-demo-deployer-key",
            "key_name": "kkp-demo-deployer-key",
            "key_name_prefix": null,
            "key_pair_id": "key-0f8690f2b9e3e65c8",
            "public_key": "ssh-rsa AAAAB3NzaC1yc2EAAAADAQABAAABAQC8cBnFNZmp/uiz9x2bIcpKXHkdCWb+2/ZviRTR/YezwIYfnIJ9C2z5MTGmNxlxXphuJO7aCJ104hZjDEs29bTy3duasvyDf+jUVWXbN/I3m1IgmvelgPL0R5P50dXHcrwJYDRpimpl+EpWTSd/EwX4hBT4WzaKCNVrkTohklkkLvsp3BG0g6c1aXnqYyeDM4pkbdgZkvrMiQOjqQk/oVQs76wqB1vmJVFmZiNThXCpSyQpCnswpJ6U25UK0XLdA6BVEizbwQABTO9qEUk56RJFPd95vmOi4prvdSmKvSSik8qoLaGwXJROHu/SQK7Ka+52XawF+GhM2u+WLfzr55p9 aws4terraform",
            "tags": {},
            "tags_all": {}
          },
          "sensitive_attributes": [],
          "private": "eyJzY2hlbWFfdmVyc2lvbiI6IjEifQ=="
        }
      ]
    },
    {
      "mode": "managed",
      "type": "aws_security_group",
      "name": "common",
      "provider": "provider[\"registry.terraform.io/hashicorp/aws\"]",
      "instances": [
        {
          "schema_version": 1,
          "attributes": {
            "arn": "arn:aws:ec2:eu-west-3:190032868844:security-group/sg-018c2398ab8e477a1",
            "description": "cluster common rules",
            "egress": [
              {
                "cidr_blocks": [
                  "0.0.0.0/0"
                ],
                "description": "allow all outgoing traffic",
                "from_port": 0,
                "ipv6_cidr_blocks": [],
                "prefix_list_ids": [],
                "protocol": "-1",
                "security_groups": [],
                "self": false,
                "to_port": 0
              }
            ],
            "id": "sg-018c2398ab8e477a1",
            "ingress": [
              {
                "cidr_blocks": [
                  "0.0.0.0/0"
                ],
                "description": "",
                "from_port": 22,
                "ipv6_cidr_blocks": [],
                "prefix_list_ids": [],
                "protocol": "tcp",
                "security_groups": [],
                "self": false,
                "to_port": 22
              },
              {
                "cidr_blocks": [
                  "186.154.121.207/32"
                ],
                "description": "",
                "from_port": 0,
                "ipv6_cidr_blocks": [],
                "prefix_list_ids": [],
                "protocol": "tcp",
                "security_groups": [],
                "self": false,
                "to_port": 65535
              },
              {
                "cidr_blocks": [
                  "186.154.121.207/32"
                ],
                "description": "",
                "from_port": 22,
                "ipv6_cidr_blocks": [],
                "prefix_list_ids": [],
                "protocol": "tcp",
                "security_groups": [],
                "self": false,
                "to_port": 22
              },
              {
                "cidr_blocks": [],
                "description": "allow all incomming traffic from members of this group",
                "from_port": 0,
                "ipv6_cidr_blocks": [],
                "prefix_list_ids": [],
                "protocol": "-1",
                "security_groups": [],
                "self": true,
                "to_port": 0
              }
            ],
            "name": "kkp-demo-common",
            "name_prefix": "",
            "owner_id": "190032868844",
            "revoke_rules_on_delete": false,
            "tags": {
              "Cluster": "kkp-demo",
              "kubernetes.io/cluster/kkp-demo": "shared"
            },
            "tags_all": {
              "Cluster": "kkp-demo",
              "kubernetes.io/cluster/kkp-demo": "shared"
            },
            "timeouts": null,
            "vpc_id": "vpc-3b01f653"
          },
          "sensitive_attributes": [],
          "private": "eyJlMmJmYjczMC1lY2FhLTExZTYtOGY4OC0zNDM2M2JjN2M0YzAiOnsiY3JlYXRlIjo2MDAwMDAwMDAwMDAsImRlbGV0ZSI6OTAwMDAwMDAwMDAwfSwic2NoZW1hX3ZlcnNpb24iOiIxIn0=",
          "dependencies": [
            "aws_default_vpc.default",
            "data.aws_vpc.selected"
          ]
        }
      ]
    },
    {
      "mode": "managed",
      "type": "aws_security_group",
      "name": "elb",
      "provider": "provider[\"registry.terraform.io/hashicorp/aws\"]",
      "instances": [
        {
          "schema_version": 1,
          "attributes": {
            "arn": "arn:aws:ec2:eu-west-3:190032868844:security-group/sg-0223766c92dfe920c",
            "description": "kube-api firewall",
            "egress": [
              {
                "cidr_blocks": [
                  "0.0.0.0/0"
                ],
                "description": "allow all outgoing traffic",
                "from_port": 0,
                "ipv6_cidr_blocks": [],
                "prefix_list_ids": [],
                "protocol": "-1",
                "security_groups": [],
                "self": false,
                "to_port": 0
              }
            ],
            "id": "sg-0223766c92dfe920c",
            "ingress": [
              {
                "cidr_blocks": [
                  "0.0.0.0/0"
                ],
                "description": "allow anyone to connect to tcp/6443",
                "from_port": 6443,
                "ipv6_cidr_blocks": [],
                "prefix_list_ids": [],
                "protocol": "tcp",
                "security_groups": [],
                "self": false,
                "to_port": 6443
              }
            ],
            "name": "kkp-demo-api-lb",
            "name_prefix": "",
            "owner_id": "190032868844",
            "revoke_rules_on_delete": false,
            "tags": {
              "Cluster": "kkp-demo"
            },
            "tags_all": {
              "Cluster": "kkp-demo"
            },
            "timeouts": null,
            "vpc_id": "vpc-3b01f653"
          },
          "sensitive_attributes": [],
          "private": "eyJlMmJmYjczMC1lY2FhLTExZTYtOGY4OC0zNDM2M2JjN2M0YzAiOnsiY3JlYXRlIjo2MDAwMDAwMDAwMDAsImRlbGV0ZSI6OTAwMDAwMDAwMDAwfSwic2NoZW1hX3ZlcnNpb24iOiIxIn0=",
          "dependencies": [
            "aws_default_vpc.default",
            "data.aws_vpc.selected"
          ]
        }
      ]
    },
    {
      "mode": "managed",
      "type": "aws_security_group",
      "name": "ssh",
      "provider": "provider[\"registry.terraform.io/hashicorp/aws\"]",
      "instances": [
        {
          "schema_version": 1,
          "attributes": {
            "arn": "arn:aws:ec2:eu-west-3:190032868844:security-group/sg-0c40d678e1369e557",
            "description": "ssh access",
            "egress": [],
            "id": "sg-0c40d678e1369e557",
            "ingress": [
              {
                "cidr_blocks": [
                  "0.0.0.0/0"
                ],
                "description": "allow incomming SSH",
                "from_port": 22,
                "ipv6_cidr_blocks": [],
                "prefix_list_ids": [],
                "protocol": "tcp",
                "security_groups": [],
                "self": false,
                "to_port": 22
              }
            ],
            "name": "kkp-demo-ssh",
            "name_prefix": "",
            "owner_id": "190032868844",
            "revoke_rules_on_delete": false,
            "tags": {
              "Cluster": "kkp-demo"
            },
            "tags_all": {
              "Cluster": "kkp-demo"
            },
            "timeouts": null,
            "vpc_id": "vpc-3b01f653"
          },
          "sensitive_attributes": [],
          "private": "eyJlMmJmYjczMC1lY2FhLTExZTYtOGY4OC0zNDM2M2JjN2M0YzAiOnsiY3JlYXRlIjo2MDAwMDAwMDAwMDAsImRlbGV0ZSI6OTAwMDAwMDAwMDAwfSwic2NoZW1hX3ZlcnNpb24iOiIxIn0=",
          "dependencies": [
            "aws_default_vpc.default",
            "data.aws_vpc.selected"
          ]
        }
      ]
    },
    {
      "mode": "managed",
      "type": "aws_security_group_rule",
      "name": "egress_allow_all",
      "provider": "provider[\"registry.terraform.io/hashicorp/aws\"]",
      "instances": [
        {
          "schema_version": 2,
          "attributes": {
            "cidr_blocks": [
              "0.0.0.0/0"
            ],
            "description": "allow all outgoing traffic",
            "from_port": 0,
            "id": "sgrule-168150811",
            "ipv6_cidr_blocks": [],
            "prefix_list_ids": [],
            "protocol": "-1",
            "security_group_id": "sg-018c2398ab8e477a1",
            "self": false,
            "source_security_group_id": null,
            "to_port": 0,
            "type": "egress"
          },
          "sensitive_attributes": [],
          "private": "eyJzY2hlbWFfdmVyc2lvbiI6IjIifQ==",
          "dependencies": [
            "aws_default_vpc.default",
            "aws_security_group.common",
            "data.aws_vpc.selected"
          ]
        }
      ]
    },
    {
      "mode": "managed",
      "type": "aws_security_group_rule",
      "name": "ingress_self_allow_all",
      "provider": "provider[\"registry.terraform.io/hashicorp/aws\"]",
      "instances": [
        {
          "schema_version": 2,
          "attributes": {
            "cidr_blocks": [],
            "description": "allow all incomming traffic from members of this group",
            "from_port": 0,
            "id": "sgrule-2858308044",
            "ipv6_cidr_blocks": [],
            "prefix_list_ids": [],
            "protocol": "-1",
            "security_group_id": "sg-018c2398ab8e477a1",
            "self": true,
            "source_security_group_id": "sg-018c2398ab8e477a1",
            "to_port": 0,
            "type": "ingress"
          },
          "sensitive_attributes": [],
          "private": "eyJzY2hlbWFfdmVyc2lvbiI6IjIifQ==",
          "dependencies": [
            "aws_default_vpc.default",
            "aws_security_group.common",
            "data.aws_vpc.selected"
          ]
        }
      ]
    },
    {
      "mode": "managed",
      "type": "aws_subnet",
      "name": "public",
      "provider": "provider[\"registry.terraform.io/hashicorp/aws\"]",
      "instances": [
        {
          "index_key": 0,
          "schema_version": 1,
          "attributes": {
            "arn": "arn:aws:ec2:eu-west-3:190032868844:subnet/subnet-0a8fb4d09d01c11cb",
            "assign_ipv6_address_on_creation": false,
            "availability_zone": "eu-west-3a",
            "availability_zone_id": "euw3-az1",
            "cidr_block": "172.31.78.0/24",
            "customer_owned_ipv4_pool": "",
            "id": "subnet-0a8fb4d09d01c11cb",
            "ipv6_cidr_block": "",
            "ipv6_cidr_block_association_id": "",
            "map_customer_owned_ip_on_launch": false,
            "map_public_ip_on_launch": true,
            "outpost_arn": "",
            "owner_id": "190032868844",
            "tags": {
              "Cluster": "kkp-demo",
              "Name": "kkp-demo-eu-west-3a",
              "kubernetes.io/cluster/kkp-demo": "shared"
            },
            "tags_all": {
              "Cluster": "kkp-demo",
              "Name": "kkp-demo-eu-west-3a",
              "kubernetes.io/cluster/kkp-demo": "shared"
            },
            "timeouts": null,
            "vpc_id": "vpc-3b01f653"
          },
          "sensitive_attributes": [],
          "private": "eyJlMmJmYjczMC1lY2FhLTExZTYtOGY4OC0zNDM2M2JjN2M0YzAiOnsiY3JlYXRlIjo2MDAwMDAwMDAwMDAsImRlbGV0ZSI6MTIwMDAwMDAwMDAwMH0sInNjaGVtYV92ZXJzaW9uIjoiMSJ9",
          "dependencies": [
            "data.aws_vpc.selected",
            "random_integer.cidr_block",
            "aws_default_vpc.default",
            "data.aws_availability_zones.available"
          ]
        },
        {
          "index_key": 1,
          "schema_version": 1,
          "attributes": {
            "arn": "arn:aws:ec2:eu-west-3:190032868844:subnet/subnet-0dd86e5cd3ebd6c9f",
            "assign_ipv6_address_on_creation": false,
            "availability_zone": "eu-west-3b",
            "availability_zone_id": "euw3-az2",
            "cidr_block": "172.31.79.0/24",
            "customer_owned_ipv4_pool": "",
            "id": "subnet-0dd86e5cd3ebd6c9f",
            "ipv6_cidr_block": "",
            "ipv6_cidr_block_association_id": "",
            "map_customer_owned_ip_on_launch": false,
            "map_public_ip_on_launch": true,
            "outpost_arn": "",
            "owner_id": "190032868844",
            "tags": {
              "Cluster": "kkp-demo",
              "Name": "kkp-demo-eu-west-3b",
              "kubernetes.io/cluster/kkp-demo": "shared"
            },
            "tags_all": {
              "Cluster": "kkp-demo",
              "Name": "kkp-demo-eu-west-3b",
              "kubernetes.io/cluster/kkp-demo": "shared"
            },
            "timeouts": null,
            "vpc_id": "vpc-3b01f653"
          },
          "sensitive_attributes": [],
          "private": "eyJlMmJmYjczMC1lY2FhLTExZTYtOGY4OC0zNDM2M2JjN2M0YzAiOnsiY3JlYXRlIjo2MDAwMDAwMDAwMDAsImRlbGV0ZSI6MTIwMDAwMDAwMDAwMH0sInNjaGVtYV92ZXJzaW9uIjoiMSJ9",
          "dependencies": [
            "aws_default_vpc.default",
            "data.aws_availability_zones.available",
            "data.aws_vpc.selected",
            "random_integer.cidr_block"
          ]
        },
        {
          "index_key": 2,
          "schema_version": 1,
          "attributes": {
            "arn": "arn:aws:ec2:eu-west-3:190032868844:subnet/subnet-0408936d9155217f7",
            "assign_ipv6_address_on_creation": false,
            "availability_zone": "eu-west-3c",
            "availability_zone_id": "euw3-az3",
            "cidr_block": "172.31.80.0/24",
            "customer_owned_ipv4_pool": "",
            "id": "subnet-0408936d9155217f7",
            "ipv6_cidr_block": "",
            "ipv6_cidr_block_association_id": "",
            "map_customer_owned_ip_on_launch": false,
            "map_public_ip_on_launch": true,
            "outpost_arn": "",
            "owner_id": "190032868844",
            "tags": {
              "Cluster": "kkp-demo",
              "Name": "kkp-demo-eu-west-3c",
              "kubernetes.io/cluster/kkp-demo": "shared"
            },
            "tags_all": {
              "Cluster": "kkp-demo",
              "Name": "kkp-demo-eu-west-3c",
              "kubernetes.io/cluster/kkp-demo": "shared"
            },
            "timeouts": null,
            "vpc_id": "vpc-3b01f653"
          },
          "sensitive_attributes": [],
          "private": "eyJlMmJmYjczMC1lY2FhLTExZTYtOGY4OC0zNDM2M2JjN2M0YzAiOnsiY3JlYXRlIjo2MDAwMDAwMDAwMDAsImRlbGV0ZSI6MTIwMDAwMDAwMDAwMH0sInNjaGVtYV92ZXJzaW9uIjoiMSJ9",
          "dependencies": [
            "aws_default_vpc.default",
            "data.aws_availability_zones.available",
            "data.aws_vpc.selected",
            "random_integer.cidr_block"
          ]
        }
      ]
    },
    {
      "mode": "managed",
      "type": "random_integer",
      "name": "cidr_block",
      "provider": "provider[\"registry.terraform.io/hashicorp/random\"]",
      "instances": [
        {
          "schema_version": 0,
          "attributes": {
            "id": "78",
            "keepers": null,
            "max": 255,
            "min": 0,
            "result": 78,
            "seed": null
          },
          "sensitive_attributes": [],
          "private": "bnVsbA==",
          "dependencies": [
            "data.aws_vpc.selected",
            "aws_default_vpc.default"
          ]
        }
      ]
    }
  ]
}
